<?xml version="1.0" encoding="utf-8"?>
<Project ToolsVersion="4.0" xmlns="http://schemas.microsoft.com/developer/msbuild/2003">
  <ItemGroup>
    <Filter Include="Source Files">
      <UniqueIdentifier>{4FC737F1-C7A5-4376-A066-2A32D752A2FF}</UniqueIdentifier>
      <Extensions>cpp;c;cxx;cc;s;asm</Extensions>
    </Filter>
    <Filter Include="Header Files">
      <UniqueIdentifier>{93995380-89BD-4b04-88EB-625FBE52EBFB}</UniqueIdentifier>
      <Extensions>h;hpp</Extensions>
    </Filter>
  </ItemGroup>
  <ItemGroup>
    <ClCompile Include="LRFace.cpp">
      <Filter>Source Files</Filter>
    </ClCompile>
    <ClCompile Include="LRCamera.cpp">
      <Filter>Source Files</Filter>
    </ClCompile>
    <ClCompile Include="LRMain.cpp">
      <Filter>Source Files</Filter>
    </ClCompile>
    <ClCompile Include="LRGXM.cpp">
      <Filter>Source Files</Filter>
    </ClCompile>
    <ClCompile Include="LRInput.cpp">
      <Filter>Source Files</Filter>
    </ClCompile>
    <ClCompile Include="LRCubismAllocator.cpp">
      <Filter>Source Files</Filter>
    </ClCompile>
    <ClCompile Include="LRAppLevel.cpp">
      <Filter>Source Files</Filter>
    </ClCompile>
    <ClCompile Include="LRModel.cpp">
      <Filter>Source Files</Filter>
    </ClCompile>
  </ItemGroup>
  <ItemGroup>
    <ClInclude Include="LRGXM.hpp">
      <Filter>Header Files</Filter>
    </ClInclude>
    <ClInclude Include="LRCamera.hpp">
      <Filter>Header Files</Filter>
    </ClInclude>
    <ClInclude Include="LRFace.hpp">
      <Filter>Header Files</Filter>
    </ClInclude>
    <ClInclude Include="LRUtil.hpp">
      <Filter>Header Files</Filter>
    </ClInclude>
    <ClInclude Include="LRInput.hpp">
      <Filter>Header Files</Filter>
    </ClInclude>
    <ClInclude Include="LRCubismAllocator.hpp">
      <Filter>Header Files</Filter>
    </ClInclude>
    <ClInclude Include="LRAppLevel.hpp">
      <Filter>Header Files</Filter>
    </ClInclude>
    <ClInclude Include="LRModel.hpp">
      <Filter>Header Files</Filter>
    </ClInclude>
  </ItemGroup>
</Project>